
Microsoft Visual Studio Solution File, Format Version 12.00
# Visual Studio Version 17
VisualStudioVersion = 17.3.32929.385
MinimumVisualStudioVersion = 10.0.40219.1
Project("{FAE04EC0-301F-11D3-BF4B-00C04F79EFBC}") = "BasicProgram", "BasicProgram.csproj", "{5C4E142F-7F30-4ACA-B312-45AD66BC3007}"
EndProject
Global
	GlobalSection(SolutionConfigurationPlatforms) = preSolution
		Debug|Any CPU = Debug|Any CPU
		Release|Any CPU = Release|Any CPU
	EndGlobalSection
	GlobalSection(ProjectConfigurationPlatforms) = postSolution
		{5C4E142F-7F30-4ACA-B312-45AD66BC3007}.Debug|Any CPU.ActiveCfg = Debug|Any CPU
		{5C4E142F-7F30-4ACA-B312-45AD66BC3007}.Debug|Any CPU.Build.0 = Debug|Any CPU
		{5C4E142F-7F30-4ACA-B312-45AD66BC3007}.Release|Any CPU.ActiveCfg = Release|Any CPU
		{5C4E142F-7F30-4ACA-B312-45AD66BC3007}.Release|Any CPU.Build.0 = Release|Any CPU
	EndGlobalSection
	GlobalSection(SolutionProperties) = preSolution
		HideSolutionNode = FALSE
	EndGlobalSection
	GlobalSection(ExtensibilityGlobals) = postSolution
		SolutionGuid = {D45F74CD-2CC5-44C4-BA05-B3939B33B93D}
	EndGlobalSection
EndGlobal
